
Microsoft Visual Studio Solution File, Format Version 12.00
# Visual Studio 15
VisualStudioVersion = 15.0.28307.1062
MinimumVisualStudioVersion = 10.0.40219.1
Project("{FAE04EC0-301F-11D3-BF4B-00C04F79EFBC}") = "ApartmentProtocolServiceSystemAPI", "ApartmentProtocolServiceSystemAPI\ApartmentProtocolServiceSystemAPI.csproj", "{FD83193E-3AD0-4356-BB0A-10043F6BC546}"
EndProject
Global
	GlobalSection(SolutionConfigurationPlatforms) = preSolution
		Debug|Any CPU = Debug|Any CPU
		Release|Any CPU = Release|Any CPU
	EndGlobalSection
	GlobalSection(ProjectConfigurationPlatforms) = postSolution
		{FD83193E-3AD0-4356-BB0A-10043F6BC546}.Debug|Any CPU.ActiveCfg = Debug|Any CPU
		{FD83193E-3AD0-4356-BB0A-10043F6BC546}.Debug|Any CPU.Build.0 = Debug|Any CPU
		{FD83193E-3AD0-4356-BB0A-10043F6BC546}.Release|Any CPU.ActiveCfg = Release|Any CPU
		{FD83193E-3AD0-4356-BB0A-10043F6BC546}.Release|Any CPU.Build.0 = Release|Any CPU
	EndGlobalSection
	GlobalSection(SolutionProperties) = preSolution
		HideSolutionNode = FALSE
	EndGlobalSection
	GlobalSection(ExtensibilityGlobals) = postSolution
		SolutionGuid = {9DDE63C8-5FD0-4406-855E-3EEF94D2475C}
	EndGlobalSection
EndGlobal
